// !$*UTF8*$!
{
	archiveVersion = 1;
	classes = {
	};
	objectVersion = 46;
	objects = {

/* Begin PBXBuildFile section */
		6A42F80D1BE06B5100251FFA /* rubberindicator.gif in Resources */ = {isa = PBXBuildFile; fileRef = 6A42F80C1BE06B5100251FFA /* rubberindicator.gif */; };
		6A555ECA1BDE277B00FC36E6 /* AppDelegate.swift in Sources */ = {isa = PBXBuildFile; fileRef = 6A555EC91BDE277B00FC36E6 /* AppDelegate.swift */; };
		6A555ECC1BDE277B00FC36E6 /* ViewController.swift in Sources */ = {isa = PBXBuildFile; fileRef = 6A555ECB1BDE277B00FC36E6 /* ViewController.swift */; };
		6A555ECF1BDE277B00FC36E6 /* Main.storyboard in Resources */ = {isa = PBXBuildFile; fileRef = 6A555ECD1BDE277B00FC36E6 /* Main.storyboard */; };
		6A555ED11BDE277B00FC36E6 /* Assets.xcassets in Resources */ = {isa = PBXBuildFile; fileRef = 6A555ED01BDE277B00FC36E6 /* Assets.xcassets */; };
		6A555ED41BDE277B00FC36E6 /* LaunchScreen.storyboard in Resources */ = {isa = PBXBuildFile; fileRef = 6A555ED21BDE277B00FC36E6 /* LaunchScreen.storyboard */; };
		6A9103F91D539B380009451B /* TKRubberPageControl.h in Headers */ = {isa = PBXBuildFile; fileRef = 6A9103F81D539B380009451B /* TKRubberPageControl.h */; settings = {ATTRIBUTES = (Public, ); }; };
		6AFF4D631E41DD5500CD6B9E /* TKRubberPageControl.swift in Sources */ = {isa = PBXBuildFile; fileRef = 6AFF4D621E41DD5500CD6B9E /* TKRubberPageControl.swift */; };
		6AFF4D641E41DD5D00CD6B9E /* TKRubberPageControl.framework in Frameworks */ = {isa = PBXBuildFile; fileRef = 6A9103F61D539B370009451B /* TKRubberPageControl.framework */; };
		6AFF4D651E41DD5D00CD6B9E /* TKRubberPageControl.framework in Embed Frameworks */ = {isa = PBXBuildFile; fileRef = 6A9103F61D539B370009451B /* TKRubberPageControl.framework */; settings = {ATTRIBUTES = (CodeSignOnCopy, RemoveHeadersOnCopy, ); }; };
/* End PBXBuildFile section */

/* Begin PBXContainerItemProxy section */
		6AFF4D661E41DD5D00CD6B9E /* PBXContainerItemProxy */ = {
			isa = PBXContainerItemProxy;
			containerPortal = 6A555EBE1BDE277B00FC36E6 /* Project object */;
			proxyType = 1;
			remoteGlobalIDString = 6A9103F51D539B370009451B;
			remoteInfo = TKRubberPageControl;
		};
/* End PBXContainerItemProxy section */

/* Begin PBXCopyFilesBuildPhase section */
		6AFF4D681E41DD5D00CD6B9E /* Embed Frameworks */ = {
			isa = PBXCopyFilesBuildPhase;
			buildActionMask = 2147483647;
			dstPath = "";
			dstSubfolderSpec = 10;
			files = (
				6AFF4D651E41DD5D00CD6B9E /* TKRubberPageControl.framework in Embed Frameworks */,
			);
			name = "Embed Frameworks";
			runOnlyForDeploymentPostprocessing = 0;
		};
/* End PBXCopyFilesBuildPhase section */

/* Begin PBXFileReference section */
		6A42F80C1BE06B5100251FFA /* rubberindicator.gif */ = {isa = PBXFileReference; lastKnownFileType = image.gif; path = rubberindicator.gif; sourceTree = "<group>"; };
		6A555EC61BDE277B00FC36E6 /* TKRubberIndicator.app */ = {isa = PBXFileReference; explicitFileType = wrapper.application; includeInIndex = 0; path = TKRubberIndicator.app; sourceTree = BUILT_PRODUCTS_DIR; };
		6A555EC91BDE277B00FC36E6 /* AppDelegate.swift */ = {isa = PBXFileReference; lastKnownFileType = sourcecode.swift; path = AppDelegate.swift; sourceTree = "<group>"; };
		6A555ECB1BDE277B00FC36E6 /* ViewController.swift */ = {isa = PBXFileReference; lastKnownFileType = sourcecode.swift; path = ViewController.swift; sourceTree = "<group>"; };
		6A555ECE1BDE277B00FC36E6 /* Base */ = {isa = PBXFileReference; lastKnownFileType = file.storyboard; name = Base; path = Base.lproj/Main.storyboard; sourceTree = "<group>"; };
		6A555ED01BDE277B00FC36E6 /* Assets.xcassets */ = {isa = PBXFileReference; lastKnownFileType = folder.assetcatalog; path = Assets.xcassets; sourceTree = "<group>"; };
		6A555ED31BDE277B00FC36E6 /* Base */ = {isa = PBXFileReference; lastKnownFileType = file.storyboard; name = Base; path = Base.lproj/LaunchScreen.storyboard; sourceTree = "<group>"; };
		6A555ED51BDE277B00FC36E6 /* Info.plist */ = {isa = PBXFileReference; lastKnownFileType = text.plist.xml; path = Info.plist; sourceTree = "<group>"; };
		6A9103F61D539B370009451B /* TKRubberPageControl.framework */ = {isa = PBXFileReference; explicitFileType = wrapper.framework; includeInIndex = 0; path = TKRubberPageControl.framework; sourceTree = BUILT_PRODUCTS_DIR; };
		6A9103F81D539B380009451B /* TKRubberPageControl.h */ = {isa = PBXFileReference; lastKnownFileType = sourcecode.c.h; path = TKRubberPageControl.h; sourceTree = "<group>"; };
		6A9103FA1D539B380009451B /* Info.plist */ = {isa = PBXFileReference; lastKnownFileType = text.plist.xml; path = Info.plist; sourceTree = "<group>"; };
		6AFF4D621E41DD5500CD6B9E /* TKRubberPageControl.swift */ = {isa = PBXFileReference; fileEncoding = 4; lastKnownFileType = sourcecode.swift; path = TKRubberPageControl.swift; sourceTree = "<group>"; };
/* End PBXFileReference section */

/* Begin PBXFrameworksBuildPhase section */
		6A555EC31BDE277B00FC36E6 /* Frameworks */ = {
			isa = PBXFrameworksBuildPhase;
			buildActionMask = 2147483647;
			files = (
				6AFF4D641E41DD5D00CD6B9E /* TKRubberPageControl.framework in Frameworks */,
			);
			runOnlyForDeploymentPostprocessing = 0;
		};
		6A9103F21D539B370009451B /* Frameworks */ = {
			isa = PBXFrameworksBuildPhase;
			buildActionMask = 2147483647;
			files = (
			);
			runOnlyForDeploymentPostprocessing = 0;
		};
/* End PBXFrameworksBuildPhase section */

/* Begin PBXGroup section */
		6A555EBD1BDE277B00FC36E6 = {
			isa = PBXGroup;
			children = (
				6A555EC81BDE277B00FC36E6 /* TKRubberIndicator */,
				6A9103F71D539B380009451B /* TKRubberPageControl */,
				6A555EC71BDE277B00FC36E6 /* Products */,
			);
			sourceTree = "<group>";
		};
		6A555EC71BDE277B00FC36E6 /* Products */ = {
			isa = PBXGroup;
			children = (
				6A555EC61BDE277B00FC36E6 /* TKRubberIndicator.app */,
				6A9103F61D539B370009451B /* TKRubberPageControl.framework */,
			);
			name = Products;
			sourceTree = "<group>";
		};
		6A555EC81BDE277B00FC36E6 /* TKRubberIndicator */ = {
			isa = PBXGroup;
			children = (
				6A42F80C1BE06B5100251FFA /* rubberindicator.gif */,
				6A555EC91BDE277B00FC36E6 /* AppDelegate.swift */,
				6A555ECB1BDE277B00FC36E6 /* ViewController.swift */,
				6A555ECD1BDE277B00FC36E6 /* Main.storyboard */,
				6A555ED01BDE277B00FC36E6 /* Assets.xcassets */,
				6A555ED21BDE277B00FC36E6 /* LaunchScreen.storyboard */,
				6A555ED51BDE277B00FC36E6 /* Info.plist */,
			);
			path = TKRubberIndicator;
			sourceTree = "<group>";
		};
		6A9103F71D539B380009451B /* TKRubberPageControl */ = {
			isa = PBXGroup;
			children = (
				6AFF4D621E41DD5500CD6B9E /* TKRubberPageControl.swift */,
				6A9103F81D539B380009451B /* TKRubberPageControl.h */,
				6A9103FA1D539B380009451B /* Info.plist */,
			);
			path = TKRubberPageControl;
			sourceTree = "<group>";
		};
/* End PBXGroup section */

/* Begin PBXHeadersBuildPhase section */
		6A9103F31D539B370009451B /* Headers */ = {
			isa = PBXHeadersBuildPhase;
			buildActionMask = 2147483647;
			files = (
				6A9103F91D539B380009451B /* TKRubberPageControl.h in Headers */,
			);
			runOnlyForDeploymentPostprocessing = 0;
		};
/* End PBXHeadersBuildPhase section */

/* Begin PBXNativeTarget section */
		6A555EC51BDE277B00FC36E6 /* TKRubberIndicator */ = {
			isa = PBXNativeTarget;
			buildConfigurationList = 6A555ED81BDE277B00FC36E6 /* Build configuration list for PBXNativeTarget "TKRubberIndicator" */;
			buildPhases = (
				6A555EC21BDE277B00FC36E6 /* Sources */,
				6A555EC31BDE277B00FC36E6 /* Frameworks */,
				6A555EC41BDE277B00FC36E6 /* Resources */,
				6AFF4D681E41DD5D00CD6B9E /* Embed Frameworks */,
			);
			buildRules = (
			);
			dependencies = (
				6AFF4D671E41DD5D00CD6B9E /* PBXTargetDependency */,
			);
			name = TKRubberIndicator;
			productName = TKRubberIndicator;
			productReference = 6A555EC61BDE277B00FC36E6 /* TKRubberIndicator.app */;
			productType = "com.apple.product-type.application";
		};
		6A9103F51D539B370009451B /* TKRubberPageControl */ = {
			isa = PBXNativeTarget;
			buildConfigurationList = 6A9103FD1D539B380009451B /* Build configuration list for PBXNativeTarget "TKRubberPageControl" */;
			buildPhases = (
				6A9103F11D539B370009451B /* Sources */,
				6A9103F21D539B370009451B /* Frameworks */,
				6A9103F31D539B370009451B /* Headers */,
				6A9103F41D539B370009451B /* Resources */,
			);
			buildRules = (
			);
			dependencies = (
			);
			name = TKRubberPageControl;
			productName = TKRubberPageControl;
			productReference = 6A9103F61D539B370009451B /* TKRubberPageControl.framework */;
			productType = "com.apple.product-type.framework";
		};
/* End PBXNativeTarget section */

/* Begin PBXProject section */
		6A555EBE1BDE277B00FC36E6 /* Project object */ = {
			isa = PBXProject;
			attributes = {
				CLASSPREFIX = TK;
				LastSwiftUpdateCheck = 0710;
				LastUpgradeCheck = 0710;
				ORGANIZATIONNAME = TBXark;
				TargetAttributes = {
					6A555EC51BDE277B00FC36E6 = {
						CreatedOnToolsVersion = 7.1;
						DevelopmentTeam = 858CBVXSWP;
						LastSwiftMigration = 0900;
					};
					6A9103F51D539B370009451B = {
						CreatedOnToolsVersion = 7.3.1;
						DevelopmentTeam = 858CBVXSWP;
						LastSwiftMigration = 0900;
					};
				};
			};
			buildConfigurationList = 6A555EC11BDE277B00FC36E6 /* Build configuration list for PBXProject "TKRubberIndicator" */;
			compatibilityVersion = "Xcode 3.2";
			developmentRegion = English;
			hasScannedForEncodings = 0;
			knownRegions = (
				en,
				Base,
			);
			mainGroup = 6A555EBD1BDE277B00FC36E6;
			productRefGroup = 6A555EC71BDE277B00FC36E6 /* Products */;
			projectDirPath = "";
			projectRoot = "";
			targets = (
				6A555EC51BDE277B00FC36E6 /* TKRubberIndicator */,
				6A9103F51D539B370009451B /* TKRubberPageControl */,
			);
		};
/* End PBXProject section */

/* Begin PBXResourcesBuildPhase section */
		6A555EC41BDE277B00FC36E6 /* Resources */ = {
			isa = PBXResourcesBuildPhase;
			buildActionMask = 2147483647;
			files = (
				6A555ED41BDE277B00FC36E6 /* LaunchScreen.storyboard in Resources */,
				6A555ED11BDE277B00FC36E6 /* Assets.xcassets in Resources */,
				6A42F80D1BE06B5100251FFA /* rubberindicator.gif in Resources */,
				6A555ECF1BDE277B00FC36E6 /* Main.storyboard in Resources */,
			);
			runOnlyForDeploymentPostprocessing = 0;
		};
		6A9103F41D539B370009451B /* Resources */ = {
			isa = PBXResourcesBuildPhase;
			buildActionMask = 2147483647;
			files = (
			);
			runOnlyForDeploymentPostprocessing = 0;
		};
/* End PBXResourcesBuildPhase section */

/* Begin PBXSourcesBuildPhase section */
		6A555EC21BDE277B00FC36E6 /* Sources */ = {
			isa = PBXSourcesBuildPhase;
			buildActionMask = 2147483647;
			files = (
				6A555ECC1BDE277B00FC36E6 /* ViewController.swift in Sources */,
				6A555ECA1BDE277B00FC36E6 /* AppDelegate.swift in Sources */,
			);
			runOnlyForDeploymentPostprocessing = 0;
		};
		6A9103F11D539B370009451B /* Sources */ = {
			isa = PBXSourcesBuildPhase;
			buildActionMask = 2147483647;
			files = (
				6AFF4D631E41DD5500CD6B9E /* TKRubberPageControl.swift in Sources */,
			);
			runOnlyForDeploymentPostprocessing = 0;
		};
/* End PBXSourcesBuildPhase section */

/* Begin PBXTargetDependency section */
		6AFF4D671E41DD5D00CD6B9E /* PBXTargetDependency */ = {
			isa = PBXTargetDependency;
			target = 6A9103F51D539B370009451B /* TKRubberPageControl */;
			targetProxy = 6AFF4D661E41DD5D00CD6B9E /* PBXContainerItemProxy */;
		};
/* End PBXTargetDependency section */

/* Begin PBXVariantGroup section */
		6A555ECD1BDE277B00FC36E6 /* Main.storyboard */ = {
			isa = PBXVariantGroup;
			children = (
				6A555ECE1BDE277B00FC36E6 /* Base */,
			);
			name = Main.storyboard;
			sourceTree = "<group>";
		};
		6A555ED21BDE277B00FC36E6 /* LaunchScreen.storyboard */ = {
			isa = PBXVariantGroup;
			children = (
				6A555ED31BDE277B00FC36E6 /* Base */,
			);
			name = LaunchScreen.storyboard;
			sourceTree = "<group>";
		};
/* End PBXVariantGroup section */

/* Begin XCBuildConfiguration section */
		6A555ED61BDE277B00FC36E6 /* Debug */ = {
			isa = XCBuildConfiguration;
			buildSettings = {
				ALWAYS_SEARCH_USER_PATHS = NO;
				CLANG_CXX_LANGUAGE_STANDARD = "gnu++0x";
				CLANG_CXX_LIBRARY = "libc++";
				CLANG_ENABLE_MODULES = YES;
				CLANG_ENABLE_OBJC_ARC = YES;
				CLANG_WARN_BOOL_CONVERSION = YES;
				CLANG_WARN_CONSTANT_CONVERSION = YES;
				CLANG_WARN_DIRECT_OBJC_ISA_USAGE = YES_ERROR;
				CLANG_WARN_EMPTY_BODY = YES;
				CLANG_WARN_ENUM_CONVERSION = YES;
				CLANG_WARN_INT_CONVERSION = YES;
				CLANG_WARN_OBJC_ROOT_CLASS = YES_ERROR;
				CLANG_WARN_UNREACHABLE_CODE = YES;
				CLANG_WARN__DUPLICATE_METHOD_MATCH = YES;
				"CODE_SIGN_IDENTITY[sdk=iphoneos*]" = "iPhone Developer";
				COPY_PHASE_STRIP = NO;
				DEBUG_INFORMATION_FORMAT = dwarf;
				ENABLE_STRICT_OBJC_MSGSEND = YES;
				ENABLE_TESTABILITY = YES;
				GCC_C_LANGUAGE_STANDARD = gnu99;
				GCC_DYNAMIC_NO_PIC = NO;
				GCC_NO_COMMON_BLOCKS = YES;
				GCC_OPTIMIZATION_LEVEL = 0;
				GCC_PREPROCESSOR_DEFINITIONS = (
					"DEBUG=1",
					"$(inherited)",
				);
				GCC_WARN_64_TO_32_BIT_CONVERSION = YES;
				GCC_WARN_ABOUT_RETURN_TYPE = YES_ERROR;
				GCC_WARN_UNDECLARED_SELECTOR = YES;
				GCC_WARN_UNINITIALIZED_AUTOS = YES_AGGRESSIVE;
				GCC_WARN_UNUSED_FUNCTION = YES;
				GCC_WARN_UNUSED_VARIABLE = YES;
				IPHONEOS_DEPLOYMENT_TARGET = 9.1;
				MTL_ENABLE_DEBUG_INFO = YES;
				ONLY_ACTIVE_ARCH = YES;
				SDKROOT = iphoneos;
				SWIFT_OPTIMIZATION_LEVEL = "-Onone";
			};
			name = Debug;
		};
		6A555ED71BDE277B00FC36E6 /* Release */ = {
			isa = XCBuildConfiguration;
			buildSettings = {
				ALWAYS_SEARCH_USER_PATHS = NO;
				CLANG_CXX_LANGUAGE_STANDARD = "gnu++0x";
				CLANG_CXX_LIBRARY = "libc++";
				CLANG_ENABLE_MODULES = YES;
				CLANG_ENABLE_OBJC_ARC = YES;
				CLANG_WARN_BOOL_CONVERSION = YES;
				CLANG_WARN_CONSTANT_CONVERSION = YES;
				CLANG_WARN_DIRECT_OBJC_ISA_USAGE = YES_ERROR;
				CLANG_WARN_EMPTY_BODY = YES;
				CLANG_WARN_ENUM_CONVERSION = YES;
				CLANG_WARN_INT_CONVERSION = YES;
				CLANG_WARN_OBJC_ROOT_CLASS = YES_ERROR;
				CLANG_WARN_UNREACHABLE_CODE = YES;
				CLANG_WARN__DUPLICATE_METHOD_MATCH = YES;
				"CODE_SIGN_IDENTITY[sdk=iphoneos*]" = "iPhone Developer";
				COPY_PHASE_STRIP = NO;
				DEBUG_INFORMATION_FORMAT = "dwarf-with-dsym";
				ENABLE_NS_ASSERTIONS = NO;
				ENABLE_STRICT_OBJC_MSGSEND = YES;
				GCC_C_LANGUAGE_STANDARD = gnu99;
				GCC_NO_COMMON_BLOCKS = YES;
				GCC_WARN_64_TO_32_BIT_CONVERSION = YES;
				GCC_WARN_ABOUT_RETURN_TYPE = YES_ERROR;
				GCC_WARN_UNDECLARED_SELECTOR = YES;
				GCC_WARN_UNINITIALIZED_AUTOS = YES_AGGRESSIVE;
				GCC_WARN_UNUSED_FUNCTION = YES;
				GCC_WARN_UNUSED_VARIABLE = YES;
				IPHONEOS_DEPLOYMENT_TARGET = 9.1;
				MTL_ENABLE_DEBUG_INFO = NO;
				SDKROOT = iphoneos;
				VALIDATE_PRODUCT = YES;
			};
			name = Release;
		};
		6A555ED91BDE277B00FC36E6 /* Debug */ = {
			isa = XCBuildConfiguration;
			buildSettings = {
				ALWAYS_EMBED_SWIFT_STANDARD_LIBRARIES = YES;
				ASSETCATALOG_COMPILER_APPICON_NAME = AppIcon;
				DEVELOPMENT_TEAM = 858CBVXSWP;
				INFOPLIST_FILE = TKRubberIndicator/Info.plist;
				LD_RUNPATH_SEARCH_PATHS = "$(inherited) @executable_path/Frameworks";
				PRODUCT_BUNDLE_IDENTIFIER = com.TBXark.TKRubberIndicator;
				PRODUCT_NAME = "$(TARGET_NAME)";
				SWIFT_SWIFT3_OBJC_INFERENCE = On;
				SWIFT_VERSION = 4.0;
			};
			name = Debug;
		};
		6A555EDA1BDE277B00FC36E6 /* Release */ = {
			isa = XCBuildConfiguration;
			buildSettings = {
				ALWAYS_EMBED_SWIFT_STANDARD_LIBRARIES = YES;
				ASSETCATALOG_COMPILER_APPICON_NAME = AppIcon;
				DEVELOPMENT_TEAM = 858CBVXSWP;
				INFOPLIST_FILE = TKRubberIndicator/Info.plist;
				LD_RUNPATH_SEARCH_PATHS = "$(inherited) @executable_path/Frameworks";
				PRODUCT_BUNDLE_IDENTIFIER = com.TBXark.TKRubberIndicator;
				PRODUCT_NAME = "$(TARGET_NAME)";
				SWIFT_SWIFT3_OBJC_INFERENCE = On;
				SWIFT_VERSION = 4.0;
			};
			name = Release;
		};
		6A9103FB1D539B380009451B /* Debug */ = {
			isa = XCBuildConfiguration;
			buildSettings = {
				CLANG_ANALYZER_NONNULL = YES;
				CLANG_ENABLE_MODULES = YES;
				CURRENT_PROJECT_VERSION = 1;
				DEFINES_MODULE = YES;
				DEVELOPMENT_TEAM = 858CBVXSWP;
				DYLIB_COMPATIBILITY_VERSION = 1;
				DYLIB_CURRENT_VERSION = 1;
				DYLIB_INSTALL_NAME_BASE = "@rpath";
				INFOPLIST_FILE = TKRubberPageControl/Info.plist;
				INSTALL_PATH = "$(LOCAL_LIBRARY_DIR)/Frameworks";
				IPHONEOS_DEPLOYMENT_TARGET = 8.0;
				LD_RUNPATH_SEARCH_PATHS = "$(inherited) @executable_path/Frameworks @loader_path/Frameworks";
				PRODUCT_BUNDLE_IDENTIFIER = com.TBXark.TKRubberPageControl;
				PRODUCT_NAME = "$(TARGET_NAME)";
				SKIP_INSTALL = YES;
				SWIFT_OPTIMIZATION_LEVEL = "-Onone";
				SWIFT_SWIFT3_OBJC_INFERENCE = On;
				SWIFT_VERSION = 4.0;
				TARGETED_DEVICE_FAMILY = "1,2";
				VERSIONING_SYSTEM = "apple-generic";
				VERSION_INFO_PREFIX = "";
			};
			name = Debug;
		};
		6A9103FC1D539B380009451B /* Release */ = {
			isa = XCBuildConfiguration;
			buildSettings = {
				CLANG_ANALYZER_NONNULL = YES;
				CLANG_ENABLE_MODULES = YES;
				CURRENT_PROJECT_VERSION = 1;
				DEFINES_MODULE = YES;
				DEVELOPMENT_TEAM = 858CBVXSWP;
				DYLIB_COMPATIBILITY_VERSION = 1;
				DYLIB_CURRENT_VERSION = 1;
				DYLIB_INSTALL_NAME_BASE = "@rpath";
				INFOPLIST_FILE = TKRubberPageControl/Info.plist;
				INSTALL_PATH = "$(LOCAL_LIBRARY_DIR)/Frameworks";
				IPHONEOS_DEPLOYMENT_TARGET = 8.0;
				LD_RUNPATH_SEARCH_PATHS = "$(inherited) @executable_path/Frameworks @loader_path/Frameworks";
				PRODUCT_BUNDLE_IDENTIFIER = com.TBXark.TKRubberPageControl;
				PRODUCT_NAME = "$(TARGET_NAME)";
				SKIP_INSTALL = YES;
				SWIFT_SWIFT3_OBJC_INFERENCE = On;
				SWIFT_VERSION = 4.0;
				TARGETED_DEVICE_FAMILY = "1,2";
				VERSIONING_SYSTEM = "apple-generic";
				VERSION_INFO_PREFIX = "";
			};
			name = Release;
		};
/* End XCBuildConfiguration section */

/* Begin XCConfigurationList section */
		6A555EC11BDE277B00FC36E6 /* Build configuration list for PBXProject "TKRubberIndicator" */ = {
			isa = XCConfigurationList;
			buildConfigurations = (
				6A555ED61BDE277B00FC36E6 /* Debug */,
				6A555ED71BDE277B00FC36E6 /* Release */,
			);
			defaultConfigurationIsVisible = 0;
			defaultConfigurationName = Release;
		};
		6A555ED81BDE277B00FC36E6 /* Build configuration list for PBXNativeTarget "TKRubberIndicator" */ = {
			isa = XCConfigurationList;
			buildConfigurations = (
				6A555ED91BDE277B00FC36E6 /* Debug */,
				6A555EDA1BDE277B00FC36E6 /* Release */,
			);
			defaultConfigurationIsVisible = 0;
			defaultConfigurationName = Release;
		};
		6A9103FD1D539B380009451B /* Build configuration list for PBXNativeTarget "TKRubberPageControl" */ = {
			isa = XCConfigurationList;
			buildConfigurations = (
				6A9103FB1D539B380009451B /* Debug */,
				6A9103FC1D539B380009451B /* Release */,
			);
			defaultConfigurationIsVisible = 0;
			defaultConfigurationName = Release;
		};
/* End XCConfigurationList section */
	};
	rootObject = 6A555EBE1BDE277B00FC36E6 /* Project object */;
}
